
Microsoft Visual Studio Solution File, Format Version 12.00
# Visual Studio Version 16
VisualStudioVersion = 16.0.30114.105
MinimumVisualStudioVersion = 10.0.40219.1
Project("{F184B08F-C81C-45F6-A57F-5ABD9991F28F}") = "Bolsa_Solidaria", "Bolsa_Solidaria\Bolsa_Solidaria.vbproj", "{14B46441-4A82-47EA-9464-DACA660D5F64}"
EndProject
Global
	GlobalSection(SolutionConfigurationPlatforms) = preSolution
		Debug|Any CPU = Debug|Any CPU
		Release|Any CPU = Release|Any CPU
	EndGlobalSection
	GlobalSection(ProjectConfigurationPlatforms) = postSolution
		{14B46441-4A82-47EA-9464-DACA660D5F64}.Debug|Any CPU.ActiveCfg = Debug|Any CPU
		{14B46441-4A82-47EA-9464-DACA660D5F64}.Debug|Any CPU.Build.0 = Debug|Any CPU
		{14B46441-4A82-47EA-9464-DACA660D5F64}.Release|Any CPU.ActiveCfg = Release|Any CPU
		{14B46441-4A82-47EA-9464-DACA660D5F64}.Release|Any CPU.Build.0 = Release|Any CPU
	EndGlobalSection
	GlobalSection(SolutionProperties) = preSolution
		HideSolutionNode = FALSE
	EndGlobalSection
	GlobalSection(ExtensibilityGlobals) = postSolution
		SolutionGuid = {769FC3EF-06C7-466B-9549-748F3CD74B92}
	EndGlobalSection
EndGlobal
